
Microsoft Visual Studio Solution File, Format Version 12.00
# Visual Studio Version 16
VisualStudioVersion = 16.0.31129.286
MinimumVisualStudioVersion = 10.0.40219.1
Project("{FAE04EC0-301F-11D3-BF4B-00C04F79EFBC}") = "UIAutomator", "UIAutomator.csproj", "{BFE4EEB3-5A00-410C-BFB1-1E561F2BFB1C}"
EndProject
Global
	GlobalSection(SolutionConfigurationPlatforms) = preSolution
		Debug|Any CPU = Debug|Any CPU
		Release|Any CPU = Release|Any CPU
	EndGlobalSection
	GlobalSection(ProjectConfigurationPlatforms) = postSolution
		{BFE4EEB3-5A00-410C-BFB1-1E561F2BFB1C}.Debug|Any CPU.ActiveCfg = Debug|Any CPU
		{BFE4EEB3-5A00-410C-BFB1-1E561F2BFB1C}.Debug|Any CPU.Build.0 = Debug|Any CPU
		{BFE4EEB3-5A00-410C-BFB1-1E561F2BFB1C}.Release|Any CPU.ActiveCfg = Release|Any CPU
		{BFE4EEB3-5A00-410C-BFB1-1E561F2BFB1C}.Release|Any CPU.Build.0 = Release|Any CPU
	EndGlobalSection
	GlobalSection(SolutionProperties) = preSolution
		HideSolutionNode = FALSE
	EndGlobalSection
	GlobalSection(ExtensibilityGlobals) = postSolution
		SolutionGuid = {6C065EB0-DEF8-4130-B51F-67CDCF1E91E2}
	EndGlobalSection
EndGlobal
